hash: f79c7e715ec18703cc1d9d5f9727a5c8edf8fa12010adc40457897699e1e451f
updated: 2017-05-22T15:47:25.736312003+02:00
imports:
- name: github.com/golang/protobuf
  version: df1d3ca07d2d07bba352d5b73c4313b4e2a6203e
  subpackages:
  - proto
- name: golang.org/x/net
  version: e90d6d0afc4c315a0d87a568ae68577cc15149a0
  subpackages:
  - context
- name: golang.org/x/oauth2
  version: f047394b6d14284165300fd82dad67edb3a4d7f6
  subpackages:
  - internal
- name: google.golang.org/appengine
  version: 170382fa85b10b94728989dfcf6cc818b335c952
  subpackages:
  - internal
  - internal/base
  - internal/datastore
  - internal/log
  - internal/remote_api
  - internal/urlfetch
  - urlfetch
- name: gopkg.in/yaml.v2
  version: a83829b6f1293c91addabc89d0571c246397bbf4
testImports: []
